
Microsoft Visual Studio Solution File, Format Version 12.00
# Visual Studio Version 17
VisualStudioVersion = 17.8.34330.188
MinimumVisualStudioVersion = 10.0.40219.1
Project("{FAE04EC0-301F-11D3-BF4B-00C04F79EFBC}") = "Assessments", "Assessments\Assessments.csproj", "{96E2BC4F-AE60-4A03-9314-E119FA02064E}"
EndProject
Global
	GlobalSection(SolutionConfigurationPlatforms) = preSolution
		Debug|Any CPU = Debug|Any CPU
		Release|Any CPU = Release|Any CPU
	EndGlobalSection
	GlobalSection(ProjectConfigurationPlatforms) = postSolution
		{96E2BC4F-AE60-4A03-9314-E119FA02064E}.Debug|Any CPU.ActiveCfg = Debug|Any CPU
		{96E2BC4F-AE60-4A03-9314-E119FA02064E}.Debug|Any CPU.Build.0 = Debug|Any CPU
		{96E2BC4F-AE60-4A03-9314-E119FA02064E}.Release|Any CPU.ActiveCfg = Release|Any CPU
		{96E2BC4F-AE60-4A03-9314-E119FA02064E}.Release|Any CPU.Build.0 = Release|Any CPU
	EndGlobalSection
	GlobalSection(SolutionProperties) = preSolution
		HideSolutionNode = FALSE
	EndGlobalSection
	GlobalSection(ExtensibilityGlobals) = postSolution
		SolutionGuid = {748B0C11-B844-4FF6-BFC5-D736CED336FC}
	EndGlobalSection
EndGlobal
